<?xml version="1.0" encoding="utf-8"?>
<Project ToolsVersion="4.0" xmlns="http://schemas.microsoft.com/developer/msbuild/2003">
  <ItemGroup>
    <Filter Include="win32">
      <UniqueIdentifier>{84a8ebd7-7cf0-47f6-b75e-d441df67da40}</UniqueIdentifier>
    </Filter>
    <Filter Include="resource">
      <UniqueIdentifier>{715254bc-d70b-4ec5-bf29-467dd3ace079}</UniqueIdentifier>
    </Filter>
    <Filter Include="src">
      <UniqueIdentifier>{bb6c862e-70e9-49d9-81b7-3829a6f50471}</UniqueIdentifier>
    </Filter>
    <Filter Include="src\scenes">
      <UniqueIdentifier>{55dfb1f9-289a-48da-8682-0d25e11fa8ec}</UniqueIdentifier>
    </Filter>
    <Filter Include="src\bunny">
      <UniqueIdentifier>{f649975a-0a2d-4163-bafe-e1d840dbeb34}</UniqueIdentifier>
    </Filter>
    <Filter Include="src\constants">
      <UniqueIdentifier>{40b8630e-2c4f-48e4-b620-5176aa6473b1}</UniqueIdentifier>
    </Filter>
    <Filter Include="src\input">
      <UniqueIdentifier>{6a0fc677-7fda-4c8b-b7fd-3bcf4069b9b6}</UniqueIdentifier>
    </Filter>
  </ItemGroup>
  <ItemGroup>
    <ClCompile Include="main.cpp">
      <Filter>win32</Filter>
    </ClCompile>
    <ClCompile Include="..\Classes\AppDelegate.cpp">
      <Filter>src</Filter>
    </ClCompile>
    <ClCompile Include="..\Classes\JumpyScene.cpp">
      <Filter>src\scenes</Filter>
    </ClCompile>
    <ClCompile Include="..\Classes\Bunny.cpp">
      <Filter>src\bunny</Filter>
    </ClCompile>
    <ClCompile Include="..\Classes\BunnyController.cpp">
      <Filter>src\bunny</Filter>
    </ClCompile>
    <ClCompile Include="..\Classes\InputHandler.cpp">
      <Filter>src\input</Filter>
    </ClCompile>
  </ItemGroup>
  <ItemGroup>
    <ClInclude Include="main.h">
      <Filter>win32</Filter>
    </ClInclude>
    <ClInclude Include="..\Classes\AppDelegate.h">
      <Filter>src</Filter>
    </ClInclude>
    <ClInclude Include="..\Classes\JumpyScene.h">
      <Filter>src\scenes</Filter>
    </ClInclude>
    <ClInclude Include="..\Classes\Bunny.h">
      <Filter>src\bunny</Filter>
    </ClInclude>
    <ClInclude Include="..\Classes\ZOrders.h">
      <Filter>src\constants</Filter>
    </ClInclude>
    <ClInclude Include="..\Classes\BunnyController.h">
      <Filter>src\bunny</Filter>
    </ClInclude>
    <ClInclude Include="..\Classes\InputHandler.h">
      <Filter>src\input</Filter>
    </ClInclude>
  </ItemGroup>
  <ItemGroup>
    <ResourceCompile Include="game.rc">
      <Filter>resource</Filter>
    </ResourceCompile>
  </ItemGroup>
</Project>